
Microsoft Visual Studio Solution File, Format Version 12.00
# Visual Studio Version 17
VisualStudioVersion = 17.13.35828.75 d17.13
MinimumVisualStudioVersion = 10.0.40219.1
Project("{FAE04EC0-301F-11D3-BF4B-00C04F79EFBC}") = "S6-ASPSEC-01", "S6-ASPSEC-01\S6-ASPSEC-01.csproj", "{6BC4FCFA-21DD-4EF8-8BBA-1B909F0B1B51}"
EndProject
Global
	GlobalSection(SolutionConfigurationPlatforms) = preSolution
		Debug|Any CPU = Debug|Any CPU
		Release|Any CPU = Release|Any CPU
	EndGlobalSection
	GlobalSection(ProjectConfigurationPlatforms) = postSolution
		{6BC4FCFA-21DD-4EF8-8BBA-1B909F0B1B51}.Debug|Any CPU.ActiveCfg = Debug|Any CPU
		{6BC4FCFA-21DD-4EF8-8BBA-1B909F0B1B51}.Debug|Any CPU.Build.0 = Debug|Any CPU
		{6BC4FCFA-21DD-4EF8-8BBA-1B909F0B1B51}.Release|Any CPU.ActiveCfg = Release|Any CPU
		{6BC4FCFA-21DD-4EF8-8BBA-1B909F0B1B51}.Release|Any CPU.Build.0 = Release|Any CPU
	EndGlobalSection
	GlobalSection(SolutionProperties) = preSolution
		HideSolutionNode = FALSE
	EndGlobalSection
	GlobalSection(ExtensibilityGlobals) = postSolution
		SolutionGuid = {6A263896-7463-4218-8549-C8289C5447D2}
	EndGlobalSection
EndGlobal
